
Microsoft Visual Studio Solution File, Format Version 12.00
# Visual Studio Version 16
VisualStudioVersion = 16.0.32126.315
MinimumVisualStudioVersion = 10.0.40219.1
Project("{8BC9CEB8-8B4A-11D0-8D11-00A0C91BC942}") = "testYOLOP-opencv-dnn_VS", "testYOLOP-opencv-dnn_VS.vcxproj", "{731F4329-829C-4D80-B207-DF8E98988140}"
EndProject
Global
	GlobalSection(SolutionConfigurationPlatforms) = preSolution
		Debug|x64 = Debug|x64
		Debug|x86 = Debug|x86
		Release|x64 = Release|x64
		Release|x86 = Release|x86
	EndGlobalSection
	GlobalSection(ProjectConfigurationPlatforms) = postSolution
		{731F4329-829C-4D80-B207-DF8E98988140}.Debug|x64.ActiveCfg = Debug|x64
		{731F4329-829C-4D80-B207-DF8E98988140}.Debug|x64.Build.0 = Debug|x64
		{731F4329-829C-4D80-B207-DF8E98988140}.Debug|x86.ActiveCfg = Debug|Win32
		{731F4329-829C-4D80-B207-DF8E98988140}.Debug|x86.Build.0 = Debug|Win32
		{731F4329-829C-4D80-B207-DF8E98988140}.Release|x64.ActiveCfg = Release|x64
		{731F4329-829C-4D80-B207-DF8E98988140}.Release|x64.Build.0 = Release|x64
		{731F4329-829C-4D80-B207-DF8E98988140}.Release|x86.ActiveCfg = Release|Win32
		{731F4329-829C-4D80-B207-DF8E98988140}.Release|x86.Build.0 = Release|Win32
	EndGlobalSection
	GlobalSection(SolutionProperties) = preSolution
		HideSolutionNode = FALSE
	EndGlobalSection
	GlobalSection(ExtensibilityGlobals) = postSolution
		SolutionGuid = {B50A23FD-8B37-408E-804C-4AAA99A8CFC7}
	EndGlobalSection
EndGlobal
